github.com/go-ruby-regexp/regexp v0.0.0-20260703201700-0a2928be1d3d h1:5gBwMRsLlf43ttsXnj4pYPXUGubJELGIwt/D5istYv4=
github.com/go-ruby-regexp/regexp v0.0.0-20260703201700-0a2928be1d3d/go.mod h1:+0nK2X+aCPMO91bPMM/DT1OFUIzFQeoTPGkkOR3kd84=
github.com/go-ruby-regexp/regexp v0.0.0-20260717073215-7a21e308e27a h1:i7HCAa4tdLQzItv/0196s98IzUFEUlkroC5gb3DuvoI=
github.com/go-ruby-regexp/regexp v0.0.0-20260717073215-7a21e308e27a/go.mod h1:+0nK2X+aCPMO91bPMM/DT1OFUIzFQeoTPGkkOR3kd84=
